
Microsoft Visual Studio Solution File, Format Version 12.00
# Visual Studio Version 17
VisualStudioVersion = 17.10.35122.118
MinimumVisualStudioVersion = 10.0.40219.1
Project("{FAE04EC0-301F-11D3-BF4B-00C04F79EFBC}") = "MedicationWindow", "MedicationWindow\MedicationWindow.csproj", "{AAD272E5-063D-4668-893E-367218B3A0F7}"
EndProject
Global
	GlobalSection(SolutionConfigurationPlatforms) = preSolution
		Debug|Any CPU = Debug|Any CPU
		Release|Any CPU = Release|Any CPU
	EndGlobalSection
	GlobalSection(ProjectConfigurationPlatforms) = postSolution
		{AAD272E5-063D-4668-893E-367218B3A0F7}.Debug|Any CPU.ActiveCfg = Debug|Any CPU
		{AAD272E5-063D-4668-893E-367218B3A0F7}.Debug|Any CPU.Build.0 = Debug|Any CPU
		{AAD272E5-063D-4668-893E-367218B3A0F7}.Release|Any CPU.ActiveCfg = Release|Any CPU
		{AAD272E5-063D-4668-893E-367218B3A0F7}.Release|Any CPU.Build.0 = Release|Any CPU
	EndGlobalSection
	GlobalSection(SolutionProperties) = preSolution
		HideSolutionNode = FALSE
	EndGlobalSection
	GlobalSection(ExtensibilityGlobals) = postSolution
		SolutionGuid = {69A1090E-50EB-45A8-8715-E206C205F192}
	EndGlobalSection
EndGlobal
