
Microsoft Visual Studio Solution File, Format Version 12.00
# Visual Studio Version 17
VisualStudioVersion = 17.11.35222.181
MinimumVisualStudioVersion = 10.0.40219.1
Project("{FAE04EC0-301F-11D3-BF4B-00C04F79EFBC}") = "Animals", "Animals\Animals.csproj", "{3B54984E-0C1F-49F9-9705-0992A2482517}"
EndProject
Global
	GlobalSection(SolutionConfigurationPlatforms) = preSolution
		Debug|Any CPU = Debug|Any CPU
		Release|Any CPU = Release|Any CPU
	EndGlobalSection
	GlobalSection(ProjectConfigurationPlatforms) = postSolution
		{3B54984E-0C1F-49F9-9705-0992A2482517}.Debug|Any CPU.ActiveCfg = Debug|Any CPU
		{3B54984E-0C1F-49F9-9705-0992A2482517}.Debug|Any CPU.Build.0 = Debug|Any CPU
		{3B54984E-0C1F-49F9-9705-0992A2482517}.Release|Any CPU.ActiveCfg = Release|Any CPU
		{3B54984E-0C1F-49F9-9705-0992A2482517}.Release|Any CPU.Build.0 = Release|Any CPU
	EndGlobalSection
	GlobalSection(SolutionProperties) = preSolution
		HideSolutionNode = FALSE
	EndGlobalSection
	GlobalSection(ExtensibilityGlobals) = postSolution
		SolutionGuid = {955C86A9-7DC0-4B13-B533-CF1877C88754}
	EndGlobalSection
EndGlobal
